
Microsoft Visual Studio Solution File, Format Version 12.00
# Visual Studio Version 17
VisualStudioVersion = 17.0.32112.339
MinimumVisualStudioVersion = 10.0.40219.1
Project("{9A19103F-16F7-4668-BE54-9A1E7A4F7556}") = "T01. Basic Stack Operations", "T01. Basic Stack Operations\T01. Basic Stack Operations.csproj", "{C4A10763-02AD-4988-AC2F-3D49C2DA0044}"
EndProject
Project("{9A19103F-16F7-4668-BE54-9A1E7A4F7556}") = "T02. Basic Queue Operations", "T02. Basic Queue Operations\T02. Basic Queue Operations.csproj", "{91C3B246-3CBA-408C-ACCF-D8219E582013}"
EndProject
Project("{9A19103F-16F7-4668-BE54-9A1E7A4F7556}") = "T03. Maximum and Minimum Element", "T03. Maximum and Minimum Element\T03. Maximum and Minimum Element.csproj", "{5068F701-70F4-49F2-89D4-9588FF469BB0}"
EndProject
Project("{9A19103F-16F7-4668-BE54-9A1E7A4F7556}") = "T04. Fast Food", "T04. Fast Food\T04. Fast Food.csproj", "{5B553104-DF9A-4D3E-821B-D1FA67983385}"
EndProject
Project("{9A19103F-16F7-4668-BE54-9A1E7A4F7556}") = "T05. Fashion Boutique", "T05. Fashion Boutique\T05. Fashion Boutique.csproj", "{AB4F63EA-F712-48AB-87C7-98F330247622}"
EndProject
Project("{9A19103F-16F7-4668-BE54-9A1E7A4F7556}") = "T06. Songs Queue", "T06. Songs Queue\T06. Songs Queue.csproj", "{20AF4D47-C65F-4AB0-90BA-3FB2AE2E8FFE}"
EndProject
Project("{9A19103F-16F7-4668-BE54-9A1E7A4F7556}") = "T07. Truck Tour", "T07. Truck Tour\T07. Truck Tour.csproj", "{D725C35A-97E4-456C-99B0-F35C007CE2DE}"
EndProject
Project("{9A19103F-16F7-4668-BE54-9A1E7A4F7556}") = "T08. Balanced Parenthesis", "T08. Balanced Parenthesis\T08. Balanced Parenthesis.csproj", "{DFEF578E-08CE-471F-B886-8CD39C76E2D9}"
EndProject
Project("{9A19103F-16F7-4668-BE54-9A1E7A4F7556}") = "T09. Simple Text Editor", "T09. Simple Text Editor\T09. Simple Text Editor.csproj", "{A7E9F490-FD68-429C-808B-0B80A0FE7109}"
EndProject
Project("{9A19103F-16F7-4668-BE54-9A1E7A4F7556}") = "T11. Key Revolver", "T11. Key Revolver\T11. Key Revolver.csproj", "{30725548-C480-416F-851A-0E9F7C084B22}"
EndProject
Project("{9A19103F-16F7-4668-BE54-9A1E7A4F7556}") = "T.08. Balanced Parenthesis - Resolve", "T.08. Balanced Parenthesis - Resolve\T.08. Balanced Parenthesis - Resolve.csproj", "{774EE501-243E-45C4-80D4-FE089120BB56}"
EndProject
Project("{9A19103F-16F7-4668-BE54-9A1E7A4F7556}") = "BasicStackOperations", "BasicStackOperations\BasicStackOperations.csproj", "{D75182F3-689B-4501-8921-36E2E04A16EB}"
EndProject
Project("{9A19103F-16F7-4668-BE54-9A1E7A4F7556}") = "MaxAndMinElement", "MaxAndMinElement\MaxAndMinElement.csproj", "{E59D66A6-AEE1-455C-BAEE-1693FBC44B29}"
EndProject
Project("{9A19103F-16F7-4668-BE54-9A1E7A4F7556}") = "FastFood", "FastFood\FastFood.csproj", "{7EE55C41-0E7A-45BD-BD20-62CE4B47D981}"
EndProject
Project("{9A19103F-16F7-4668-BE54-9A1E7A4F7556}") = "FashionBoutique", "FashionBoutique\FashionBoutique.csproj", "{60771C52-103A-4E10-8ADA-71EFD771E13C}"
EndProject
Project("{FAE04EC0-301F-11D3-BF4B-00C04F79EFBC}") = "SongsQueue", "SongsQueue\SongsQueue.csproj", "{AA7932DB-20CC-443F-B493-06DA7B7556EA}"
EndProject
Project("{FAE04EC0-301F-11D3-BF4B-00C04F79EFBC}") = "BalancedParenthesis", "BalancedParenthesis\BalancedParenthesis.csproj", "{FFE0F4EA-7C6C-4C0E-9002-EC3CF7627028}"
EndProject
Project("{FAE04EC0-301F-11D3-BF4B-00C04F79EFBC}") = "SimpleTextEditor", "SimpleTextEditor\SimpleTextEditor.csproj", "{ED8B245B-3249-4C0F-BE57-11B1250FBB36}"
EndProject
Project("{FAE04EC0-301F-11D3-BF4B-00C04F79EFBC}") = "Crossroads", "Crossroads\Crossroads.csproj", "{50758F79-5A12-44CA-9B86-C83DDB2389C3}"
EndProject
Project("{FAE04EC0-301F-11D3-BF4B-00C04F79EFBC}") = "TruckTour", "TruckTour\TruckTour.csproj", "{90FCB5F1-CDAF-4AAC-9292-AE8580D4417A}"
EndProject
Global
	GlobalSection(SolutionConfigurationPlatforms) = preSolution
		Debug|Any CPU = Debug|Any CPU
		Release|Any CPU = Release|Any CPU
	EndGlobalSection
	GlobalSection(ProjectConfigurationPlatforms) = postSolution
		{C4A10763-02AD-4988-AC2F-3D49C2DA0044}.Debug|Any CPU.ActiveCfg = Debug|Any CPU
		{C4A10763-02AD-4988-AC2F-3D49C2DA0044}.Debug|Any CPU.Build.0 = Debug|Any CPU
		{C4A10763-02AD-4988-AC2F-3D49C2DA0044}.Release|Any CPU.ActiveCfg = Release|Any CPU
		{C4A10763-02AD-4988-AC2F-3D49C2DA0044}.Release|Any CPU.Build.0 = Release|Any CPU
		{91C3B246-3CBA-408C-ACCF-D8219E582013}.Debug|Any CPU.ActiveCfg = Debug|Any CPU
		{91C3B246-3CBA-408C-ACCF-D8219E582013}.Debug|Any CPU.Build.0 = Debug|Any CPU
		{91C3B246-3CBA-408C-ACCF-D8219E582013}.Release|Any CPU.ActiveCfg = Release|Any CPU
		{91C3B246-3CBA-408C-ACCF-D8219E582013}.Release|Any CPU.Build.0 = Release|Any CPU
		{5068F701-70F4-49F2-89D4-9588FF469BB0}.Debug|Any CPU.ActiveCfg = Debug|Any CPU
		{5068F701-70F4-49F2-89D4-9588FF469BB0}.Debug|Any CPU.Build.0 = Debug|Any CPU
		{5068F701-70F4-49F2-89D4-9588FF469BB0}.Release|Any CPU.ActiveCfg = Release|Any CPU
		{5068F701-70F4-49F2-89D4-9588FF469BB0}.Release|Any CPU.Build.0 = Release|Any CPU
		{5B553104-DF9A-4D3E-821B-D1FA67983385}.Debug|Any CPU.ActiveCfg = Debug|Any CPU
		{5B553104-DF9A-4D3E-821B-D1FA67983385}.Debug|Any CPU.Build.0 = Debug|Any CPU
		{5B553104-DF9A-4D3E-821B-D1FA67983385}.Release|Any CPU.ActiveCfg = Release|Any CPU
		{5B553104-DF9A-4D3E-821B-D1FA67983385}.Release|Any CPU.Build.0 = Release|Any CPU
		{AB4F63EA-F712-48AB-87C7-98F330247622}.Debug|Any CPU.ActiveCfg = Debug|Any CPU
		{AB4F63EA-F712-48AB-87C7-98F330247622}.Debug|Any CPU.Build.0 = Debug|Any CPU
		{AB4F63EA-F712-48AB-87C7-98F330247622}.Release|Any CPU.ActiveCfg = Release|Any CPU
		{AB4F63EA-F712-48AB-87C7-98F330247622}.Release|Any CPU.Build.0 = Release|Any CPU
		{20AF4D47-C65F-4AB0-90BA-3FB2AE2E8FFE}.Debug|Any CPU.ActiveCfg = Debug|Any CPU
		{20AF4D47-C65F-4AB0-90BA-3FB2AE2E8FFE}.Debug|Any CPU.Build.0 = Debug|Any CPU
		{20AF4D47-C65F-4AB0-90BA-3FB2AE2E8FFE}.Release|Any CPU.ActiveCfg = Release|Any CPU
		{20AF4D47-C65F-4AB0-90BA-3FB2AE2E8FFE}.Release|Any CPU.Build.0 = Release|Any CPU
		{D725C35A-97E4-456C-99B0-F35C007CE2DE}.Debug|Any CPU.ActiveCfg = Debug|Any CPU
		{D725C35A-97E4-456C-99B0-F35C007CE2DE}.Debug|Any CPU.Build.0 = Debug|Any CPU
		{D725C35A-97E4-456C-99B0-F35C007CE2DE}.Release|Any CPU.ActiveCfg = Release|Any CPU
		{D725C35A-97E4-456C-99B0-F35C007CE2DE}.Release|Any CPU.Build.0 = Release|Any CPU
		{DFEF578E-08CE-471F-B886-8CD39C76E2D9}.Debug|Any CPU.ActiveCfg = Debug|Any CPU
		{DFEF578E-08CE-471F-B886-8CD39C76E2D9}.Debug|Any CPU.Build.0 = Debug|Any CPU
		{DFEF578E-08CE-471F-B886-8CD39C76E2D9}.Release|Any CPU.ActiveCfg = Release|Any CPU
		{DFEF578E-08CE-471F-B886-8CD39C76E2D9}.Release|Any CPU.Build.0 = Release|Any CPU
		{A7E9F490-FD68-429C-808B-0B80A0FE7109}.Debug|Any CPU.ActiveCfg = Debug|Any CPU
		{A7E9F490-FD68-429C-808B-0B80A0FE7109}.Debug|Any CPU.Build.0 = Debug|Any CPU
		{A7E9F490-FD68-429C-808B-0B80A0FE7109}.Release|Any CPU.ActiveCfg = Release|Any CPU
		{A7E9F490-FD68-429C-808B-0B80A0FE7109}.Release|Any CPU.Build.0 = Release|Any CPU
		{30725548-C480-416F-851A-0E9F7C084B22}.Debug|Any CPU.ActiveCfg = Debug|Any CPU
		{30725548-C480-416F-851A-0E9F7C084B22}.Debug|Any CPU.Build.0 = Debug|Any CPU
		{30725548-C480-416F-851A-0E9F7C084B22}.Release|Any CPU.ActiveCfg = Release|Any CPU
		{30725548-C480-416F-851A-0E9F7C084B22}.Release|Any CPU.Build.0 = Release|Any CPU
		{774EE501-243E-45C4-80D4-FE089120BB56}.Debug|Any CPU.ActiveCfg = Debug|Any CPU
		{774EE501-243E-45C4-80D4-FE089120BB56}.Debug|Any CPU.Build.0 = Debug|Any CPU
		{774EE501-243E-45C4-80D4-FE089120BB56}.Release|Any CPU.ActiveCfg = Release|Any CPU
		{774EE501-243E-45C4-80D4-FE089120BB56}.Release|Any CPU.Build.0 = Release|Any CPU
		{D75182F3-689B-4501-8921-36E2E04A16EB}.Debug|Any CPU.ActiveCfg = Debug|Any CPU
		{D75182F3-689B-4501-8921-36E2E04A16EB}.Debug|Any CPU.Build.0 = Debug|Any CPU
		{D75182F3-689B-4501-8921-36E2E04A16EB}.Release|Any CPU.ActiveCfg = Release|Any CPU
		{D75182F3-689B-4501-8921-36E2E04A16EB}.Release|Any CPU.Build.0 = Release|Any CPU
		{E59D66A6-AEE1-455C-BAEE-1693FBC44B29}.Debug|Any CPU.ActiveCfg = Debug|Any CPU
		{E59D66A6-AEE1-455C-BAEE-1693FBC44B29}.Debug|Any CPU.Build.0 = Debug|Any CPU
		{E59D66A6-AEE1-455C-BAEE-1693FBC44B29}.Release|Any CPU.ActiveCfg = Release|Any CPU
		{E59D66A6-AEE1-455C-BAEE-1693FBC44B29}.Release|Any CPU.Build.0 = Release|Any CPU
		{7EE55C41-0E7A-45BD-BD20-62CE4B47D981}.Debug|Any CPU.ActiveCfg = Debug|Any CPU
		{7EE55C41-0E7A-45BD-BD20-62CE4B47D981}.Debug|Any CPU.Build.0 = Debug|Any CPU
		{7EE55C41-0E7A-45BD-BD20-62CE4B47D981}.Release|Any CPU.ActiveCfg = Release|Any CPU
		{7EE55C41-0E7A-45BD-BD20-62CE4B47D981}.Release|Any CPU.Build.0 = Release|Any CPU
		{60771C52-103A-4E10-8ADA-71EFD771E13C}.Debug|Any CPU.ActiveCfg = Debug|Any CPU
		{60771C52-103A-4E10-8ADA-71EFD771E13C}.Debug|Any CPU.Build.0 = Debug|Any CPU
		{60771C52-103A-4E10-8ADA-71EFD771E13C}.Release|Any CPU.ActiveCfg = Release|Any CPU
		{60771C52-103A-4E10-8ADA-71EFD771E13C}.Release|Any CPU.Build.0 = Release|Any CPU
		{AA7932DB-20CC-443F-B493-06DA7B7556EA}.Debug|Any CPU.ActiveCfg = Debug|Any CPU
		{AA7932DB-20CC-443F-B493-06DA7B7556EA}.Debug|Any CPU.Build.0 = Debug|Any CPU
		{AA7932DB-20CC-443F-B493-06DA7B7556EA}.Release|Any CPU.ActiveCfg = Release|Any CPU
		{AA7932DB-20CC-443F-B493-06DA7B7556EA}.Release|Any CPU.Build.0 = Release|Any CPU
		{FFE0F4EA-7C6C-4C0E-9002-EC3CF7627028}.Debug|Any CPU.ActiveCfg = Debug|Any CPU
		{FFE0F4EA-7C6C-4C0E-9002-EC3CF7627028}.Debug|Any CPU.Build.0 = Debug|Any CPU
		{FFE0F4EA-7C6C-4C0E-9002-EC3CF7627028}.Release|Any CPU.ActiveCfg = Release|Any CPU
		{FFE0F4EA-7C6C-4C0E-9002-EC3CF7627028}.Release|Any CPU.Build.0 = Release|Any CPU
		{ED8B245B-3249-4C0F-BE57-11B1250FBB36}.Debug|Any CPU.ActiveCfg = Debug|Any CPU
		{ED8B245B-3249-4C0F-BE57-11B1250FBB36}.Debug|Any CPU.Build.0 = Debug|Any CPU
		{ED8B245B-3249-4C0F-BE57-11B1250FBB36}.Release|Any CPU.ActiveCfg = Release|Any CPU
		{ED8B245B-3249-4C0F-BE57-11B1250FBB36}.Release|Any CPU.Build.0 = Release|Any CPU
		{50758F79-5A12-44CA-9B86-C83DDB2389C3}.Debug|Any CPU.ActiveCfg = Debug|Any CPU
		{50758F79-5A12-44CA-9B86-C83DDB2389C3}.Debug|Any CPU.Build.0 = Debug|Any CPU
		{50758F79-5A12-44CA-9B86-C83DDB2389C3}.Release|Any CPU.ActiveCfg = Release|Any CPU
		{50758F79-5A12-44CA-9B86-C83DDB2389C3}.Release|Any CPU.Build.0 = Release|Any CPU
		{90FCB5F1-CDAF-4AAC-9292-AE8580D4417A}.Debug|Any CPU.ActiveCfg = Debug|Any CPU
		{90FCB5F1-CDAF-4AAC-9292-AE8580D4417A}.Debug|Any CPU.Build.0 = Debug|Any CPU
		{90FCB5F1-CDAF-4AAC-9292-AE8580D4417A}.Release|Any CPU.ActiveCfg = Release|Any CPU
		{90FCB5F1-CDAF-4AAC-9292-AE8580D4417A}.Release|Any CPU.Build.0 = Release|Any CPU
	EndGlobalSection
	GlobalSection(SolutionProperties) = preSolution
		HideSolutionNode = FALSE
	EndGlobalSection
	GlobalSection(ExtensibilityGlobals) = postSolution
		SolutionGuid = {5E914851-E00C-499B-BBEB-455492C6E6F1}
	EndGlobalSection
EndGlobal
